// !$*UTF8*$!
{
	archiveVersion = 1;
	classes = {
	};
	objectVersion = 46;
	objects = {

/* Begin PBXBuildFile section */
		960463811F150FA600C8A27B /* ListaContatosViewController.swift in Sources */ = {isa = PBXBuildFile; fileRef = 960463801F150FA600C8A27B /* ListaContatosViewController.swift */; };
		9609D7EB1F13B242002167F2 /* AppDelegate.swift in Sources */ = {isa = PBXBuildFile; fileRef = 9609D7EA1F13B242002167F2 /* AppDelegate.swift */; };
		9609D7F01F13B242002167F2 /* Main.storyboard in Resources */ = {isa = PBXBuildFile; fileRef = 9609D7EE1F13B242002167F2 /* Main.storyboard */; };
		9609D7F31F13B242002167F2 /* ContatosIP67.xcdatamodeld in Sources */ = {isa = PBXBuildFile; fileRef = 9609D7F11F13B242002167F2 /* ContatosIP67.xcdatamodeld */; };
		9609D7F51F13B242002167F2 /* Assets.xcassets in Resources */ = {isa = PBXBuildFile; fileRef = 9609D7F41F13B242002167F2 /* Assets.xcassets */; };
		9609D7F81F13B242002167F2 /* LaunchScreen.storyboard in Resources */ = {isa = PBXBuildFile; fileRef = 9609D7F61F13B242002167F2 /* LaunchScreen.storyboard */; };
		960CE8DB1F17CC8800C849D8 /* ContatosNoMapaViewController.swift in Sources */ = {isa = PBXBuildFile; fileRef = 960CE8DA1F17CC8800C849D8 /* ContatosNoMapaViewController.swift */; };
		962DDD741F13C42D0065BD99 /* FormularioViewController.swift in Sources */ = {isa = PBXBuildFile; fileRef = 962DDD731F13C42D0065BD99 /* FormularioViewController.swift */; };
		962DDD781F13F64B0065BD99 /* Contato.m in Sources */ = {isa = PBXBuildFile; fileRef = 962DDD771F13F64B0065BD99 /* Contato.m */; };
		962DDD7A1F140CDB0065BD99 /* ContatoDao.swift in Sources */ = {isa = PBXBuildFile; fileRef = 962DDD791F140CDB0065BD99 /* ContatoDao.swift */; };
		96ED9CF91F166DA2007EF9CF /* FormularioContatoViewControllerDelegate.swift in Sources */ = {isa = PBXBuildFile; fileRef = 96ED9CF81F166DA2007EF9CF /* FormularioContatoViewControllerDelegate.swift */; };
		96ED9CFB1F16B12B007EF9CF /* GerenciadorDeAcoes.swift in Sources */ = {isa = PBXBuildFile; fileRef = 96ED9CFA1F16B12B007EF9CF /* GerenciadorDeAcoes.swift */; };
/* End PBXBuildFile section */

/* Begin PBXFileReference section */
		960463801F150FA600C8A27B /* ListaContatosViewController.swift */ = {isa = PBXFileReference; fileEncoding = 4; lastKnownFileType = sourcecode.swift; path = ListaContatosViewController.swift; sourceTree = "<group>"; };
		9609D7E71F13B242002167F2 /* ContatosIP67.app */ = {isa = PBXFileReference; explicitFileType = wrapper.application; includeInIndex = 0; path = ContatosIP67.app; sourceTree = BUILT_PRODUCTS_DIR; };
		9609D7EA1F13B242002167F2 /* AppDelegate.swift */ = {isa = PBXFileReference; lastKnownFileType = sourcecode.swift; path = AppDelegate.swift; sourceTree = "<group>"; };
		9609D7EF1F13B242002167F2 /* Base */ = {isa = PBXFileReference; lastKnownFileType = file.storyboard; name = Base; path = Base.lproj/Main.storyboard; sourceTree = "<group>"; };
		9609D7F21F13B242002167F2 /* ContatosIP67.xcdatamodel */ = {isa = PBXFileReference; lastKnownFileType = wrapper.xcdatamodel; path = ContatosIP67.xcdatamodel; sourceTree = "<group>"; };
		9609D7F41F13B242002167F2 /* Assets.xcassets */ = {isa = PBXFileReference; lastKnownFileType = folder.assetcatalog; path = Assets.xcassets; sourceTree = "<group>"; };
		9609D7F71F13B242002167F2 /* Base */ = {isa = PBXFileReference; lastKnownFileType = file.storyboard; name = Base; path = Base.lproj/LaunchScreen.storyboard; sourceTree = "<group>"; };
		9609D7F91F13B242002167F2 /* Info.plist */ = {isa = PBXFileReference; lastKnownFileType = text.plist.xml; path = Info.plist; sourceTree = "<group>"; };
		960CE8DA1F17CC8800C849D8 /* ContatosNoMapaViewController.swift */ = {isa = PBXFileReference; fileEncoding = 4; lastKnownFileType = sourcecode.swift; path = ContatosNoMapaViewController.swift; sourceTree = "<group>"; };
		960CE8DC1F17F54E00C849D8 /* VilaMariana.gpx */ = {isa = PBXFileReference; lastKnownFileType = text.xml; path = VilaMariana.gpx; sourceTree = "<group>"; };
		962DDD731F13C42D0065BD99 /* FormularioViewController.swift */ = {isa = PBXFileReference; fileEncoding = 4; lastKnownFileType = sourcecode.swift; path = FormularioViewController.swift; sourceTree = "<group>"; };
		962DDD751F13F64B0065BD99 /* ContatosIP67-Bridging-Header.h */ = {isa = PBXFileReference; lastKnownFileType = sourcecode.c.h; path = "ContatosIP67-Bridging-Header.h"; sourceTree = "<group>"; };
		962DDD761F13F64B0065BD99 /* Contato.h */ = {isa = PBXFileReference; fileEncoding = 4; lastKnownFileType = sourcecode.c.h; path = Contato.h; sourceTree = "<group>"; };
		962DDD771F13F64B0065BD99 /* Contato.m */ = {isa = PBXFileReference; fileEncoding = 4; lastKnownFileType = sourcecode.c.objc; path = Contato.m; sourceTree = "<group>"; };
		962DDD791F140CDB0065BD99 /* ContatoDao.swift */ = {isa = PBXFileReference; fileEncoding = 4; lastKnownFileType = sourcecode.swift; path = ContatoDao.swift; sourceTree = "<group>"; };
		96ED9CF81F166DA2007EF9CF /* FormularioContatoViewControllerDelegate.swift */ = {isa = PBXFileReference; fileEncoding = 4; lastKnownFileType = sourcecode.swift; path = FormularioContatoViewControllerDelegate.swift; sourceTree = "<group>"; };
		96ED9CFA1F16B12B007EF9CF /* GerenciadorDeAcoes.swift */ = {isa = PBXFileReference; fileEncoding = 4; lastKnownFileType = sourcecode.swift; path = GerenciadorDeAcoes.swift; sourceTree = "<group>"; };
/* End PBXFileReference section */

/* Begin PBXFrameworksBuildPhase section */
		9609D7E41F13B241002167F2 /* Frameworks */ = {
			isa = PBXFrameworksBuildPhase;
			buildActionMask = 2147483647;
			files = (
			);
			runOnlyForDeploymentPostprocessing = 0;
		};
/* End PBXFrameworksBuildPhase section */

/* Begin PBXGroup section */
		9609D7DE1F13B241002167F2 = {
			isa = PBXGroup;
			children = (
				96ED9CFA1F16B12B007EF9CF /* GerenciadorDeAcoes.swift */,
				96ED9CF81F166DA2007EF9CF /* FormularioContatoViewControllerDelegate.swift */,
				960463801F150FA600C8A27B /* ListaContatosViewController.swift */,
				962DDD731F13C42D0065BD99 /* FormularioViewController.swift */,
				960CE8DA1F17CC8800C849D8 /* ContatosNoMapaViewController.swift */,
				960CE8DC1F17F54E00C849D8 /* VilaMariana.gpx */,
				962DDD761F13F64B0065BD99 /* Contato.h */,
				962DDD771F13F64B0065BD99 /* Contato.m */,
				962DDD791F140CDB0065BD99 /* ContatoDao.swift */,
				9609D7E91F13B242002167F2 /* ContatosIP67 */,
				9609D7E81F13B242002167F2 /* Products */,
				962DDD751F13F64B0065BD99 /* ContatosIP67-Bridging-Header.h */,
			);
			sourceTree = "<group>";
		};
		9609D7E81F13B242002167F2 /* Products */ = {
			isa = PBXGroup;
			children = (
				9609D7E71F13B242002167F2 /* ContatosIP67.app */,
			);
			name = Products;
			sourceTree = "<group>";
		};
		9609D7E91F13B242002167F2 /* ContatosIP67 */ = {
			isa = PBXGroup;
			children = (
				9609D7EA1F13B242002167F2 /* AppDelegate.swift */,
				9609D7EE1F13B242002167F2 /* Main.storyboard */,
				9609D7F41F13B242002167F2 /* Assets.xcassets */,
				9609D7F61F13B242002167F2 /* LaunchScreen.storyboard */,
				9609D7F91F13B242002167F2 /* Info.plist */,
				9609D7F11F13B242002167F2 /* ContatosIP67.xcdatamodeld */,
			);
			path = ContatosIP67;
			sourceTree = "<group>";
		};
/* End PBXGroup section */

/* Begin PBXNativeTarget section */
		9609D7E61F13B241002167F2 /* ContatosIP67 */ = {
			isa = PBXNativeTarget;
			buildConfigurationList = 9609D7FC1F13B242002167F2 /* Build configuration list for PBXNativeTarget "ContatosIP67" */;
			buildPhases = (
				9609D7E31F13B241002167F2 /* Sources */,
				9609D7E41F13B241002167F2 /* Frameworks */,
				9609D7E51F13B241002167F2 /* Resources */,
			);
			buildRules = (
			);
			dependencies = (
			);
			name = ContatosIP67;
			productName = ContatosIP67;
			productReference = 9609D7E71F13B242002167F2 /* ContatosIP67.app */;
			productType = "com.apple.product-type.application";
		};
/* End PBXNativeTarget section */

/* Begin PBXProject section */
		9609D7DF1F13B241002167F2 /* Project object */ = {
			isa = PBXProject;
			attributes = {
				LastSwiftUpdateCheck = 0800;
				LastUpgradeCheck = 0800;
				ORGANIZATIONNAME = Caelum;
				TargetAttributes = {
					9609D7E61F13B241002167F2 = {
						CreatedOnToolsVersion = 8.0;
						LastSwiftMigration = 0800;
						ProvisioningStyle = Automatic;
					};
				};
			};
			buildConfigurationList = 9609D7E21F13B241002167F2 /* Build configuration list for PBXProject "ContatosIP67" */;
			compatibilityVersion = "Xcode 3.2";
			developmentRegion = English;
			hasScannedForEncodings = 0;
			knownRegions = (
				en,
				Base,
			);
			mainGroup = 9609D7DE1F13B241002167F2;
			productRefGroup = 9609D7E81F13B242002167F2 /* Products */;
			projectDirPath = "";
			projectRoot = "";
			targets = (
				9609D7E61F13B241002167F2 /* ContatosIP67 */,
			);
		};
/* End PBXProject section */

/* Begin PBXResourcesBuildPhase section */
		9609D7E51F13B241002167F2 /* Resources */ = {
			isa = PBXResourcesBuildPhase;
			buildActionMask = 2147483647;
			files = (
				9609D7F81F13B242002167F2 /* LaunchScreen.storyboard in Resources */,
				9609D7F51F13B242002167F2 /* Assets.xcassets in Resources */,
				9609D7F01F13B242002167F2 /* Main.storyboard in Resources */,
			);
			runOnlyForDeploymentPostprocessing = 0;
		};
/* End PBXResourcesBuildPhase section */

/* Begin PBXSourcesBuildPhase section */
		9609D7E31F13B241002167F2 /* Sources */ = {
			isa = PBXSourcesBuildPhase;
			buildActionMask = 2147483647;
			files = (
				962DDD781F13F64B0065BD99 /* Contato.m in Sources */,
				962DDD741F13C42D0065BD99 /* FormularioViewController.swift in Sources */,
				960CE8DB1F17CC8800C849D8 /* ContatosNoMapaViewController.swift in Sources */,
				96ED9CFB1F16B12B007EF9CF /* GerenciadorDeAcoes.swift in Sources */,
				96ED9CF91F166DA2007EF9CF /* FormularioContatoViewControllerDelegate.swift in Sources */,
				9609D7F31F13B242002167F2 /* ContatosIP67.xcdatamodeld in Sources */,
				9609D7EB1F13B242002167F2 /* AppDelegate.swift in Sources */,
				960463811F150FA600C8A27B /* ListaContatosViewController.swift in Sources */,
				962DDD7A1F140CDB0065BD99 /* ContatoDao.swift in Sources */,
			);
			runOnlyForDeploymentPostprocessing = 0;
		};
/* End PBXSourcesBuildPhase section */

/* Begin PBXVariantGroup section */
		9609D7EE1F13B242002167F2 /* Main.storyboard */ = {
			isa = PBXVariantGroup;
			children = (
				9609D7EF1F13B242002167F2 /* Base */,
			);
			name = Main.storyboard;
			sourceTree = "<group>";
		};
		9609D7F61F13B242002167F2 /* LaunchScreen.storyboard */ = {
			isa = PBXVariantGroup;
			children = (
				9609D7F71F13B242002167F2 /* Base */,
			);
			name = LaunchScreen.storyboard;
			sourceTree = "<group>";
		};
/* End PBXVariantGroup section */

/* Begin XCBuildConfiguration section */
		9609D7FA1F13B242002167F2 /* Debug */ = {
			isa = XCBuildConfiguration;
			buildSettings = {
				ALWAYS_SEARCH_USER_PATHS = NO;
				CLANG_ANALYZER_NONNULL = YES;
				CLANG_CXX_LANGUAGE_STANDARD = "gnu++0x";
				CLANG_CXX_LIBRARY = "libc++";
				CLANG_ENABLE_MODULES = YES;
				CLANG_ENABLE_OBJC_ARC = YES;
				CLANG_WARN_BOOL_CONVERSION = YES;
				CLANG_WARN_CONSTANT_CONVERSION = YES;
				CLANG_WARN_DIRECT_OBJC_ISA_USAGE = YES_ERROR;
				CLANG_WARN_DOCUMENTATION_COMMENTS = YES;
				CLANG_WARN_EMPTY_BODY = YES;
				CLANG_WARN_ENUM_CONVERSION = YES;
				CLANG_WARN_INFINITE_RECURSION = YES;
				CLANG_WARN_INT_CONVERSION = YES;
				CLANG_WARN_OBJC_ROOT_CLASS = YES_ERROR;
				CLANG_WARN_SUSPICIOUS_MOVES = YES;
				CLANG_WARN_UNREACHABLE_CODE = YES;
				CLANG_WARN__DUPLICATE_METHOD_MATCH = YES;
				"CODE_SIGN_IDENTITY[sdk=iphoneos*]" = "iPhone Developer";
				COPY_PHASE_STRIP = NO;
				DEBUG_INFORMATION_FORMAT = dwarf;
				ENABLE_STRICT_OBJC_MSGSEND = YES;
				ENABLE_TESTABILITY = YES;
				GCC_C_LANGUAGE_STANDARD = gnu99;
				GCC_DYNAMIC_NO_PIC = NO;
				GCC_NO_COMMON_BLOCKS = YES;
				GCC_OPTIMIZATION_LEVEL = 0;
				GCC_PREPROCESSOR_DEFINITIONS = (
					"DEBUG=1",
					"$(inherited)",
				);
				GCC_WARN_64_TO_32_BIT_CONVERSION = YES;
				GCC_WARN_ABOUT_RETURN_TYPE = YES_ERROR;
				GCC_WARN_UNDECLARED_SELECTOR = YES;
				GCC_WARN_UNINITIALIZED_AUTOS = YES_AGGRESSIVE;
				GCC_WARN_UNUSED_FUNCTION = YES;
				GCC_WARN_UNUSED_VARIABLE = YES;
				IPHONEOS_DEPLOYMENT_TARGET = 10.0;
				MTL_ENABLE_DEBUG_INFO = YES;
				ONLY_ACTIVE_ARCH = YES;
				SDKROOT = iphoneos;
				SWIFT_ACTIVE_COMPILATION_CONDITIONS = DEBUG;
				SWIFT_OPTIMIZATION_LEVEL = "-Onone";
			};
			name = Debug;
		};
		9609D7FB1F13B242002167F2 /* Release */ = {
			isa = XCBuildConfiguration;
			buildSettings = {
				ALWAYS_SEARCH_USER_PATHS = NO;
				CLANG_ANALYZER_NONNULL = YES;
				CLANG_CXX_LANGUAGE_STANDARD = "gnu++0x";
				CLANG_CXX_LIBRARY = "libc++";
				CLANG_ENABLE_MODULES = YES;
				CLANG_ENABLE_OBJC_ARC = YES;
				CLANG_WARN_BOOL_CONVERSION = YES;
				CLANG_WARN_CONSTANT_CONVERSION = YES;
				CLANG_WARN_DIRECT_OBJC_ISA_USAGE = YES_ERROR;
				CLANG_WARN_DOCUMENTATION_COMMENTS = YES;
				CLANG_WARN_EMPTY_BODY = YES;
				CLANG_WARN_ENUM_CONVERSION = YES;
				CLANG_WARN_INFINITE_RECURSION = YES;
				CLANG_WARN_INT_CONVERSION = YES;
				CLANG_WARN_OBJC_ROOT_CLASS = YES_ERROR;
				CLANG_WARN_SUSPICIOUS_MOVES = YES;
				CLANG_WARN_UNREACHABLE_CODE = YES;
				CLANG_WARN__DUPLICATE_METHOD_MATCH = YES;
				"CODE_SIGN_IDENTITY[sdk=iphoneos*]" = "iPhone Developer";
				COPY_PHASE_STRIP = NO;
				DEBUG_INFORMATION_FORMAT = "dwarf-with-dsym";
				ENABLE_NS_ASSERTIONS = NO;
				ENABLE_STRICT_OBJC_MSGSEND = YES;
				GCC_C_LANGUAGE_STANDARD = gnu99;
				GCC_NO_COMMON_BLOCKS = YES;
				GCC_WARN_64_TO_32_BIT_CONVERSION = YES;
				GCC_WARN_ABOUT_RETURN_TYPE = YES_ERROR;
				GCC_WARN_UNDECLARED_SELECTOR = YES;
				GCC_WARN_UNINITIALIZED_AUTOS = YES_AGGRESSIVE;
				GCC_WARN_UNUSED_FUNCTION = YES;
				GCC_WARN_UNUSED_VARIABLE = YES;
				IPHONEOS_DEPLOYMENT_TARGET = 10.0;
				MTL_ENABLE_DEBUG_INFO = NO;
				SDKROOT = iphoneos;
				SWIFT_OPTIMIZATION_LEVEL = "-Owholemodule";
				VALIDATE_PRODUCT = YES;
			};
			name = Release;
		};
		9609D7FD1F13B242002167F2 /* Debug */ = {
			isa = XCBuildConfiguration;
			buildSettings = {
				ASSETCATALOG_COMPILER_APPICON_NAME = AppIcon;
				CLANG_ENABLE_MODULES = YES;
				INFOPLIST_FILE = ContatosIP67/Info.plist;
				LD_RUNPATH_SEARCH_PATHS = "$(inherited) @executable_path/Frameworks";
				PRODUCT_BUNDLE_IDENTIFIER = br.com.caelum.ContatosIP67;
				PRODUCT_NAME = "$(TARGET_NAME)";
				SWIFT_OBJC_BRIDGING_HEADER = "ContatosIP67-Bridging-Header.h";
				SWIFT_OPTIMIZATION_LEVEL = "-Onone";
				SWIFT_VERSION = 3.0;
			};
			name = Debug;
		};
		9609D7FE1F13B242002167F2 /* Release */ = {
			isa = XCBuildConfiguration;
			buildSettings = {
				ASSETCATALOG_COMPILER_APPICON_NAME = AppIcon;
				CLANG_ENABLE_MODULES = YES;
				INFOPLIST_FILE = ContatosIP67/Info.plist;
				LD_RUNPATH_SEARCH_PATHS = "$(inherited) @executable_path/Frameworks";
				PRODUCT_BUNDLE_IDENTIFIER = br.com.caelum.ContatosIP67;
				PRODUCT_NAME = "$(TARGET_NAME)";
				SWIFT_OBJC_BRIDGING_HEADER = "ContatosIP67-Bridging-Header.h";
				SWIFT_VERSION = 3.0;
			};
			name = Release;
		};
/* End XCBuildConfiguration section */

/* Begin XCConfigurationList section */
		9609D7E21F13B241002167F2 /* Build configuration list for PBXProject "ContatosIP67" */ = {
			isa = XCConfigurationList;
			buildConfigurations = (
				9609D7FA1F13B242002167F2 /* Debug */,
				9609D7FB1F13B242002167F2 /* Release */,
			);
			defaultConfigurationIsVisible = 0;
			defaultConfigurationName = Release;
		};
		9609D7FC1F13B242002167F2 /* Build configuration list for PBXNativeTarget "ContatosIP67" */ = {
			isa = XCConfigurationList;
			buildConfigurations = (
				9609D7FD1F13B242002167F2 /* Debug */,
				9609D7FE1F13B242002167F2 /* Release */,
			);
			defaultConfigurationIsVisible = 0;
			defaultConfigurationName = Release;
		};
/* End XCConfigurationList section */

/* Begin XCVersionGroup section */
		9609D7F11F13B242002167F2 /* ContatosIP67.xcdatamodeld */ = {
			isa = XCVersionGroup;
			children = (
				9609D7F21F13B242002167F2 /* ContatosIP67.xcdatamodel */,
			);
			currentVersion = 9609D7F21F13B242002167F2 /* ContatosIP67.xcdatamodel */;
			path = ContatosIP67.xcdatamodeld;
			sourceTree = "<group>";
			versionGroupType = wrapper.xcdatamodel;
		};
/* End XCVersionGroup section */
	};
	rootObject = 9609D7DF1F13B241002167F2 /* Project object */;
}
